
Microsoft Visual Studio Solution File, Format Version 12.00
# Visual Studio Version 17
VisualStudioVersion = 17.2.32630.192
MinimumVisualStudioVersion = 10.0.40219.1
Project("{FAE04EC0-301F-11D3-BF4B-00C04F79EFBC}") = "MyWebAPI", "MyWebAPI\MyWebAPI.csproj", "{AAF991F8-ABB4-4AE8-94D9-AD7B9F57B263}"
EndProject
Global
	GlobalSection(SolutionConfigurationPlatforms) = preSolution
		Debug|Any CPU = Debug|Any CPU
		Release|Any CPU = Release|Any CPU
	EndGlobalSection
	GlobalSection(ProjectConfigurationPlatforms) = postSolution
		{AAF991F8-ABB4-4AE8-94D9-AD7B9F57B263}.Debug|Any CPU.ActiveCfg = Debug|Any CPU
		{AAF991F8-ABB4-4AE8-94D9-AD7B9F57B263}.Debug|Any CPU.Build.0 = Debug|Any CPU
		{AAF991F8-ABB4-4AE8-94D9-AD7B9F57B263}.Release|Any CPU.ActiveCfg = Release|Any CPU
		{AAF991F8-ABB4-4AE8-94D9-AD7B9F57B263}.Release|Any CPU.Build.0 = Release|Any CPU
	EndGlobalSection
	GlobalSection(SolutionProperties) = preSolution
		HideSolutionNode = FALSE
	EndGlobalSection
	GlobalSection(ExtensibilityGlobals) = postSolution
		SolutionGuid = {821334E8-6D59-4B48-81AF-712C21A91F11}
	EndGlobalSection
EndGlobal
